
Microsoft Visual Studio Solution File, Format Version 12.00
# Visual Studio Version 16
VisualStudioVersion = 16.0.31005.135
MinimumVisualStudioVersion = 10.0.40219.1
Project("{FAE04EC0-301F-11D3-BF4B-00C04F79EFBC}") = "GameProject", "GameProject\GameProject.csproj", "{C79EDA18-F2EC-4310-9C2E-65B24B75BB4C}"
EndProject
Global
	GlobalSection(SolutionConfigurationPlatforms) = preSolution
		Debug|Any CPU = Debug|Any CPU
		Release|Any CPU = Release|Any CPU
	EndGlobalSection
	GlobalSection(ProjectConfigurationPlatforms) = postSolution
		{C79EDA18-F2EC-4310-9C2E-65B24B75BB4C}.Debug|Any CPU.ActiveCfg = Debug|Any CPU
		{C79EDA18-F2EC-4310-9C2E-65B24B75BB4C}.Debug|Any CPU.Build.0 = Debug|Any CPU
		{C79EDA18-F2EC-4310-9C2E-65B24B75BB4C}.Release|Any CPU.ActiveCfg = Release|Any CPU
		{C79EDA18-F2EC-4310-9C2E-65B24B75BB4C}.Release|Any CPU.Build.0 = Release|Any CPU
	EndGlobalSection
	GlobalSection(SolutionProperties) = preSolution
		HideSolutionNode = FALSE
	EndGlobalSection
	GlobalSection(ExtensibilityGlobals) = postSolution
		SolutionGuid = {40D0904A-6EFF-4B34-AF2D-F6D0FF4E7A01}
	EndGlobalSection
EndGlobal
